{
    "_readme": [
        "This file locks the dependencies of your project to a known state",
        "Read more about it at https://getcomposer.org/doc/01-basic-usage.md#installing-dependencies",
        "This file is @generated automatically"
    ],
    "content-hash": "5be7ca65034320a52d8e26194853f8a1",
    "packages": [
        {
            "name": "b-hayes/json",
            "version": "v0.1.1",
            "source": {
                "type": "git",
                "url": "https://github.com/b-hayes/json.git",
                "reference": "0d4789e0e712c56d80c20c3a11a5ab5ade8fad7b"
            },
            "dist": {
                "type": "zip",
                "url": "https://api.github.com/repos/b-hayes/json/zipball/0d4789e0e712c56d80c20c3a11a5ab5ade8fad7b",
                "reference": "0d4789e0e712c56d80c20c3a11a5ab5ade8fad7b",
                "shasum": ""
            },
            "require": {
                "ext-json": "*",
                "php": ">=7.4.3"
            },
            "require-dev": {
                "phpunit/phpunit": "^9.5"
            },
            "type": "library",
            "autoload": {
                "psr-4": {
                    "BHayes\\Json\\": "php",
                    "BHayes\\Test\\": "test"
                }
            },
            "notification-url": "https://packagist.org/downloads/",
            "license": [
                "MIT"
            ],
            "authors": [
                {
                    "name": "b-hayes",
                    "email": "bradozman@gmail.com"
                }
            ],
            "description": "Runs any PHP Class as a command line application",
            "support": {
                "issues": "https://github.com/b-hayes/json/issues",
                "source": "https://github.com/b-hayes/json/tree/v0.1.1"
            },
            "time": "2022-09-09T14:31:38+00:00"
        },
        {
            "name": "erusev/parsedown",
            "version": "1.7.4",
            "source": {
                "type": "git",
                "url": "https://github.com/erusev/parsedown.git",
                "reference": "cb17b6477dfff935958ba01325f2e8a2bfa6dab3"
            },
            "dist": {
                "type": "zip",
                "url": "https://api.github.com/repos/erusev/parsedown/zipball/cb17b6477dfff935958ba01325f2e8a2bfa6dab3",
                "reference": "cb17b6477dfff935958ba01325f2e8a2bfa6dab3",
                "shasum": ""
            },
            "require": {
                "ext-mbstring": "*",
                "php": ">=5.3.0"
            },
            "require-dev": {
                "phpunit/phpunit": "^4.8.35"
            },
            "type": "library",
            "autoload": {
                "psr-0": {
                    "Parsedown": ""
                }
            },
            "notification-url": "https://packagist.org/downloads/",
            "license": [
                "MIT"
            ],
            "authors": [
                {
                    "name": "Emanuil Rusev",
                    "email": "hello@erusev.com",
                    "homepage": "http://erusev.com"
                }
            ],
            "description": "Parser for Markdown.",
            "homepage": "http://parsedown.org",
            "keywords": [
                "markdown",
                "parser"
            ],
            "support": {
                "issues": "https://github.com/erusev/parsedown/issues",
                "source": "https://github.com/erusev/parsedown/tree/1.7.x"
            },
            "time": "2019-12-30T22:54:17+00:00"
        }
    ],
    "packages-dev": [],
    "aliases": [],
    "minimum-stability": "stable",
    "stability-flags": [],
    "prefer-stable": false,
    "prefer-lowest": false,
    "platform": {
        "php": "^8.1"
    },
    "platform-dev": [],
    "platform-overrides": {
        "php": "8.1"
    },
    "plugin-api-version": "2.3.0"
}
